
Microsoft Visual Studio Solution File, Format Version 12.00
Project("{FAE04EC0-301F-11D3-BF4B-00C04F79EFBC}") = "sokol-cs", "production\sokol-cs\sokol-cs.csproj", "{FC513CF8-A52C-4550-98B9-63AA8708E0CB}"
EndProject
Project("{2150E333-8FDC-42A3-9474-1A3956D46DE8}") = "Production", "Production", "{081F91DD-336C-4BB1-B619-ED0DD3ED32D0}"
EndProject
Project("{2150E333-8FDC-42A3-9474-1A3956D46DE8}") = "Samples", "Samples", "{D96A33BC-F5E8-4080-AA0A-8588A1C41312}"
EndProject
Project("{FAE04EC0-301F-11D3-BF4B-00C04F79EFBC}") = "Sokol.Samples.Triangle", "samples\Sokol.Samples.Triangle\Sokol.Samples.Triangle.csproj", "{BD2A3E42-D360-4F16-8375-9D6FA3B2ECF7}"
EndProject
Project("{FAE04EC0-301F-11D3-BF4B-00C04F79EFBC}") = "Sokol.Samples.Quad", "samples\Sokol.Samples.Quad\Sokol.Samples.Quad.csproj", "{2DC70CFC-E926-4F36-9BE1-4D11C9E26453}"
EndProject
Project("{FAE04EC0-301F-11D3-BF4B-00C04F79EFBC}") = "Sokol.Samples.BufferOffsets", "samples\Sokol.Samples.BufferOffsets\Sokol.Samples.BufferOffsets.csproj", "{78A885AE-FA82-4F66-B12D-2BBF4A379A1E}"
EndProject
Project("{FAE04EC0-301F-11D3-BF4B-00C04F79EFBC}") = "Sokol.Samples.Cube", "samples\Sokol.Samples.Cube\Sokol.Samples.Cube.csproj", "{C9360ABA-F190-4F50-88B5-98F2D4E01409}"
EndProject
Project("{FAE04EC0-301F-11D3-BF4B-00C04F79EFBC}") = "Sokol.Samples.CubeTextured", "samples\Sokol.Samples.CubeTextured\Sokol.Samples.CubeTextured.csproj", "{8C9217E0-72B4-4879-A9B3-FA365BF88A29}"
EndProject
Global
	GlobalSection(SolutionConfigurationPlatforms) = preSolution
		Debug|Any CPU = Debug|Any CPU
		Release|Any CPU = Release|Any CPU
	EndGlobalSection
	GlobalSection(ProjectConfigurationPlatforms) = postSolution
		{FC513CF8-A52C-4550-98B9-63AA8708E0CB}.Debug|Any CPU.ActiveCfg = Debug|Any CPU
		{FC513CF8-A52C-4550-98B9-63AA8708E0CB}.Debug|Any CPU.Build.0 = Debug|Any CPU
		{FC513CF8-A52C-4550-98B9-63AA8708E0CB}.Release|Any CPU.ActiveCfg = Release|Any CPU
		{FC513CF8-A52C-4550-98B9-63AA8708E0CB}.Release|Any CPU.Build.0 = Release|Any CPU
		{BD2A3E42-D360-4F16-8375-9D6FA3B2ECF7}.Debug|Any CPU.ActiveCfg = Debug|Any CPU
		{BD2A3E42-D360-4F16-8375-9D6FA3B2ECF7}.Debug|Any CPU.Build.0 = Debug|Any CPU
		{BD2A3E42-D360-4F16-8375-9D6FA3B2ECF7}.Release|Any CPU.ActiveCfg = Release|Any CPU
		{BD2A3E42-D360-4F16-8375-9D6FA3B2ECF7}.Release|Any CPU.Build.0 = Release|Any CPU
		{2DC70CFC-E926-4F36-9BE1-4D11C9E26453}.Debug|Any CPU.ActiveCfg = Debug|Any CPU
		{2DC70CFC-E926-4F36-9BE1-4D11C9E26453}.Debug|Any CPU.Build.0 = Debug|Any CPU
		{2DC70CFC-E926-4F36-9BE1-4D11C9E26453}.Release|Any CPU.ActiveCfg = Release|Any CPU
		{2DC70CFC-E926-4F36-9BE1-4D11C9E26453}.Release|Any CPU.Build.0 = Release|Any CPU
		{78A885AE-FA82-4F66-B12D-2BBF4A379A1E}.Debug|Any CPU.ActiveCfg = Debug|Any CPU
		{78A885AE-FA82-4F66-B12D-2BBF4A379A1E}.Debug|Any CPU.Build.0 = Debug|Any CPU
		{78A885AE-FA82-4F66-B12D-2BBF4A379A1E}.Release|Any CPU.ActiveCfg = Release|Any CPU
		{78A885AE-FA82-4F66-B12D-2BBF4A379A1E}.Release|Any CPU.Build.0 = Release|Any CPU
		{C9360ABA-F190-4F50-88B5-98F2D4E01409}.Debug|Any CPU.ActiveCfg = Debug|Any CPU
		{C9360ABA-F190-4F50-88B5-98F2D4E01409}.Debug|Any CPU.Build.0 = Debug|Any CPU
		{C9360ABA-F190-4F50-88B5-98F2D4E01409}.Release|Any CPU.ActiveCfg = Release|Any CPU
		{C9360ABA-F190-4F50-88B5-98F2D4E01409}.Release|Any CPU.Build.0 = Release|Any CPU
		{8C9217E0-72B4-4879-A9B3-FA365BF88A29}.Debug|Any CPU.ActiveCfg = Debug|Any CPU
		{8C9217E0-72B4-4879-A9B3-FA365BF88A29}.Debug|Any CPU.Build.0 = Debug|Any CPU
		{8C9217E0-72B4-4879-A9B3-FA365BF88A29}.Release|Any CPU.ActiveCfg = Release|Any CPU
		{8C9217E0-72B4-4879-A9B3-FA365BF88A29}.Release|Any CPU.Build.0 = Release|Any CPU
	EndGlobalSection
	GlobalSection(NestedProjects) = preSolution
		{FC513CF8-A52C-4550-98B9-63AA8708E0CB} = {081F91DD-336C-4BB1-B619-ED0DD3ED32D0}
		{BD2A3E42-D360-4F16-8375-9D6FA3B2ECF7} = {D96A33BC-F5E8-4080-AA0A-8588A1C41312}
		{2DC70CFC-E926-4F36-9BE1-4D11C9E26453} = {D96A33BC-F5E8-4080-AA0A-8588A1C41312}
		{78A885AE-FA82-4F66-B12D-2BBF4A379A1E} = {D96A33BC-F5E8-4080-AA0A-8588A1C41312}
		{C9360ABA-F190-4F50-88B5-98F2D4E01409} = {D96A33BC-F5E8-4080-AA0A-8588A1C41312}
		{8C9217E0-72B4-4879-A9B3-FA365BF88A29} = {D96A33BC-F5E8-4080-AA0A-8588A1C41312}
	EndGlobalSection
EndGlobal
