
Microsoft Visual Studio Solution File, Format Version 12.00
Project("{2150E333-8FDC-42A3-9474-1A3956D46DE8}") = "Production", "Production", "{081F91DD-336C-4BB1-B619-ED0DD3ED32D0}"
EndProject
Project("{2150E333-8FDC-42A3-9474-1A3956D46DE8}") = "Samples", "Samples", "{D96A33BC-F5E8-4080-AA0A-8588A1C41312}"
EndProject
Project("{FAE04EC0-301F-11D3-BF4B-00C04F79EFBC}") = "Samples.Cube", "samples\Cube\Samples.Cube.csproj", "{B3FC66C4-0D2B-49A8-B39B-0478E853E67E}"
EndProject
Project("{FAE04EC0-301F-11D3-BF4B-00C04F79EFBC}") = "Samples.Triangle", "samples\Samples.Triangle\Samples.Triangle.csproj", "{19B4C212-E580-4122-82FE-940AC439C4A1}"
EndProject
Project("{FAE04EC0-301F-11D3-BF4B-00C04F79EFBC}") = "Sokol", "production\Sokol\Sokol.csproj", "{C2D26EF1-5704-4B7E-920D-2537D26B0CC3}"
EndProject
Project("{FAE04EC0-301F-11D3-BF4B-00C04F79EFBC}") = "Samples.ImGui", "samples\Samples.ImGui\Samples.ImGui.csproj", "{AF9E4E1D-52EA-4D2C-99C9-FD1208FD2D72}"
EndProject
Project("{2150E333-8FDC-42A3-9474-1A3956D46DE8}") = "External", "External", "{462BF9C1-AE31-4443-B4E1-C5B42ABB4EA3}"
EndProject
Project("{FAE04EC0-301F-11D3-BF4B-00C04F79EFBC}") = "ImGui", "..\..\ext\imgui-cs\src\cs\production\ImGui\ImGui.csproj", "{EAD2C176-17C5-459A-B7D5-8354951CD7F0}"
EndProject
Global
	GlobalSection(SolutionConfigurationPlatforms) = preSolution
		Debug|Any CPU = Debug|Any CPU
		Release|Any CPU = Release|Any CPU
	EndGlobalSection
	GlobalSection(ProjectConfigurationPlatforms) = postSolution
		{B3FC66C4-0D2B-49A8-B39B-0478E853E67E}.Debug|Any CPU.ActiveCfg = Debug|Any CPU
		{B3FC66C4-0D2B-49A8-B39B-0478E853E67E}.Debug|Any CPU.Build.0 = Debug|Any CPU
		{B3FC66C4-0D2B-49A8-B39B-0478E853E67E}.Release|Any CPU.ActiveCfg = Release|Any CPU
		{B3FC66C4-0D2B-49A8-B39B-0478E853E67E}.Release|Any CPU.Build.0 = Release|Any CPU
		{19B4C212-E580-4122-82FE-940AC439C4A1}.Debug|Any CPU.ActiveCfg = Debug|Any CPU
		{19B4C212-E580-4122-82FE-940AC439C4A1}.Debug|Any CPU.Build.0 = Debug|Any CPU
		{19B4C212-E580-4122-82FE-940AC439C4A1}.Release|Any CPU.ActiveCfg = Release|Any CPU
		{19B4C212-E580-4122-82FE-940AC439C4A1}.Release|Any CPU.Build.0 = Release|Any CPU
		{C2D26EF1-5704-4B7E-920D-2537D26B0CC3}.Debug|Any CPU.ActiveCfg = Debug|Any CPU
		{C2D26EF1-5704-4B7E-920D-2537D26B0CC3}.Debug|Any CPU.Build.0 = Debug|Any CPU
		{C2D26EF1-5704-4B7E-920D-2537D26B0CC3}.Release|Any CPU.ActiveCfg = Release|Any CPU
		{C2D26EF1-5704-4B7E-920D-2537D26B0CC3}.Release|Any CPU.Build.0 = Release|Any CPU
		{AF9E4E1D-52EA-4D2C-99C9-FD1208FD2D72}.Debug|Any CPU.ActiveCfg = Debug|Any CPU
		{AF9E4E1D-52EA-4D2C-99C9-FD1208FD2D72}.Debug|Any CPU.Build.0 = Debug|Any CPU
		{AF9E4E1D-52EA-4D2C-99C9-FD1208FD2D72}.Release|Any CPU.ActiveCfg = Release|Any CPU
		{AF9E4E1D-52EA-4D2C-99C9-FD1208FD2D72}.Release|Any CPU.Build.0 = Release|Any CPU
		{EAD2C176-17C5-459A-B7D5-8354951CD7F0}.Debug|Any CPU.ActiveCfg = Debug|Any CPU
		{EAD2C176-17C5-459A-B7D5-8354951CD7F0}.Debug|Any CPU.Build.0 = Debug|Any CPU
		{EAD2C176-17C5-459A-B7D5-8354951CD7F0}.Release|Any CPU.ActiveCfg = Release|Any CPU
		{EAD2C176-17C5-459A-B7D5-8354951CD7F0}.Release|Any CPU.Build.0 = Release|Any CPU
	EndGlobalSection
	GlobalSection(NestedProjects) = preSolution
		{B3FC66C4-0D2B-49A8-B39B-0478E853E67E} = {D96A33BC-F5E8-4080-AA0A-8588A1C41312}
		{19B4C212-E580-4122-82FE-940AC439C4A1} = {D96A33BC-F5E8-4080-AA0A-8588A1C41312}
		{C2D26EF1-5704-4B7E-920D-2537D26B0CC3} = {081F91DD-336C-4BB1-B619-ED0DD3ED32D0}
		{AF9E4E1D-52EA-4D2C-99C9-FD1208FD2D72} = {D96A33BC-F5E8-4080-AA0A-8588A1C41312}
		{EAD2C176-17C5-459A-B7D5-8354951CD7F0} = {462BF9C1-AE31-4443-B4E1-C5B42ABB4EA3}
	EndGlobalSection
EndGlobal
