
Microsoft Visual Studio Solution File, Format Version 12.00
Project("{2150E333-8FDC-42A3-9474-1A3956D46DE8}") = "Production", "Production", "{081F91DD-336C-4BB1-B619-ED0DD3ED32D0}"
EndProject
Project("{2150E333-8FDC-42A3-9474-1A3956D46DE8}") = "Samples", "Samples", "{D96A33BC-F5E8-4080-AA0A-8588A1C41312}"
EndProject
Project("{FAE04EC0-301F-11D3-BF4B-00C04F79EFBC}") = "Cube", "src\cs\samples\Cube\Cube.csproj", "{C391265A-F0E2-4100-98F0-FEF5AF3C7C05}"
EndProject
Project("{FAE04EC0-301F-11D3-BF4B-00C04F79EFBC}") = "Triangle", "src\cs\samples\Triangle\Triangle.csproj", "{AFE56917-6C84-4820-ABC2-3C9BEDFAC6D0}"
EndProject
Project("{FAE04EC0-301F-11D3-BF4B-00C04F79EFBC}") = "Sokol", "src\cs\production\Sokol\Sokol.csproj", "{5E8B8F4C-FE8A-4B07-93D9-40FCE269C549}"
EndProject
Global
	GlobalSection(SolutionConfigurationPlatforms) = preSolution
		Debug|Any CPU = Debug|Any CPU
		Release|Any CPU = Release|Any CPU
	EndGlobalSection
	GlobalSection(ProjectConfigurationPlatforms) = postSolution
		{C391265A-F0E2-4100-98F0-FEF5AF3C7C05}.Debug|Any CPU.ActiveCfg = Debug|Any CPU
		{C391265A-F0E2-4100-98F0-FEF5AF3C7C05}.Debug|Any CPU.Build.0 = Debug|Any CPU
		{C391265A-F0E2-4100-98F0-FEF5AF3C7C05}.Release|Any CPU.ActiveCfg = Release|Any CPU
		{C391265A-F0E2-4100-98F0-FEF5AF3C7C05}.Release|Any CPU.Build.0 = Release|Any CPU
		{AFE56917-6C84-4820-ABC2-3C9BEDFAC6D0}.Debug|Any CPU.ActiveCfg = Debug|Any CPU
		{AFE56917-6C84-4820-ABC2-3C9BEDFAC6D0}.Debug|Any CPU.Build.0 = Debug|Any CPU
		{AFE56917-6C84-4820-ABC2-3C9BEDFAC6D0}.Release|Any CPU.ActiveCfg = Release|Any CPU
		{AFE56917-6C84-4820-ABC2-3C9BEDFAC6D0}.Release|Any CPU.Build.0 = Release|Any CPU
		{5E8B8F4C-FE8A-4B07-93D9-40FCE269C549}.Debug|Any CPU.ActiveCfg = Debug|Any CPU
		{5E8B8F4C-FE8A-4B07-93D9-40FCE269C549}.Debug|Any CPU.Build.0 = Debug|Any CPU
		{5E8B8F4C-FE8A-4B07-93D9-40FCE269C549}.Release|Any CPU.ActiveCfg = Release|Any CPU
		{5E8B8F4C-FE8A-4B07-93D9-40FCE269C549}.Release|Any CPU.Build.0 = Release|Any CPU
	EndGlobalSection
	GlobalSection(NestedProjects) = preSolution
		{C391265A-F0E2-4100-98F0-FEF5AF3C7C05} = {D96A33BC-F5E8-4080-AA0A-8588A1C41312}
		{AFE56917-6C84-4820-ABC2-3C9BEDFAC6D0} = {D96A33BC-F5E8-4080-AA0A-8588A1C41312}
		{5E8B8F4C-FE8A-4B07-93D9-40FCE269C549} = {081F91DD-336C-4BB1-B619-ED0DD3ED32D0}
	EndGlobalSection
EndGlobal
