
Microsoft Visual Studio Solution File, Format Version 12.00
Project("{2150E333-8FDC-42A3-9474-1A3956D46DE8}") = "Samples", "Samples", "{2EE9147F-F8F5-4BBF-A208-93936765E11A}"
EndProject
Project("{FAE04EC0-301F-11D3-BF4B-00C04F79EFBC}") = "Sokol", "production\Sokol\Sokol.csproj", "{2FA6E1F2-FEE9-4EEC-9BD9-0FD94BFC64CF}"
EndProject
Project("{FAE04EC0-301F-11D3-BF4B-00C04F79EFBC}") = "Samples.C.01-Clear", "samples\Samples.C.01-Clear\Samples.C.01-Clear.csproj", "{5D00788E-34D7-4076-8C51-3510FCD11BE4}"
EndProject
Project("{2150E333-8FDC-42A3-9474-1A3956D46DE8}") = "Production", "Production", "{FECE393E-D7AE-4075-97ED-1D722B80348C}"
EndProject
Project("{2150E333-8FDC-42A3-9474-1A3956D46DE8}") = "C", "C", "{9EF2D627-064C-4C95-B83E-379E1B784564}"
EndProject
Project("{FAE04EC0-301F-11D3-BF4B-00C04F79EFBC}") = "Samples.C.02-Triangle", "samples\Samples.C.02-Triangle\Samples.C.02-Triangle.csproj", "{5BE69473-702C-4883-A7DD-55F3EE5E1F83}"
EndProject
Project("{FAE04EC0-301F-11D3-BF4B-00C04F79EFBC}") = "Samples.C.03-Quad", "samples\Samples.C.03-Quad\Samples.C.03-Quad.csproj", "{6A2ED099-AED3-4227-A1DB-F03401A431BA}"
EndProject
Project("{FAE04EC0-301F-11D3-BF4B-00C04F79EFBC}") = "Samples.C.04-BufferOffsets", "samples\Samples.C.04-BufferOffsets\Samples.C.04-BufferOffsets.csproj", "{EB532B17-13D6-4920-84CF-4C731B797EDE}"
EndProject
Project("{2150E333-8FDC-42A3-9474-1A3956D46DE8}") = "External", "External", "{F6124A6F-5415-49F0-9624-CE99F6041388}"
EndProject
Project("{FAE04EC0-301F-11D3-BF4B-00C04F79EFBC}") = "NativeTools", "..\..\ext\native-tools-cs\src\dotnet\NativeTools\NativeTools.csproj", "{5D94757E-0D27-482E-97C7-B0BBCC90897B}"
EndProject
Global
	GlobalSection(SolutionConfigurationPlatforms) = preSolution
		Debug|Any CPU = Debug|Any CPU
		Release|Any CPU = Release|Any CPU
	EndGlobalSection
	GlobalSection(ProjectConfigurationPlatforms) = postSolution
		{2FA6E1F2-FEE9-4EEC-9BD9-0FD94BFC64CF}.Debug|Any CPU.ActiveCfg = Debug|Any CPU
		{2FA6E1F2-FEE9-4EEC-9BD9-0FD94BFC64CF}.Debug|Any CPU.Build.0 = Debug|Any CPU
		{2FA6E1F2-FEE9-4EEC-9BD9-0FD94BFC64CF}.Release|Any CPU.ActiveCfg = Release|Any CPU
		{2FA6E1F2-FEE9-4EEC-9BD9-0FD94BFC64CF}.Release|Any CPU.Build.0 = Release|Any CPU
		{5D00788E-34D7-4076-8C51-3510FCD11BE4}.Debug|Any CPU.ActiveCfg = Debug|Any CPU
		{5D00788E-34D7-4076-8C51-3510FCD11BE4}.Debug|Any CPU.Build.0 = Debug|Any CPU
		{5D00788E-34D7-4076-8C51-3510FCD11BE4}.Release|Any CPU.ActiveCfg = Release|Any CPU
		{5D00788E-34D7-4076-8C51-3510FCD11BE4}.Release|Any CPU.Build.0 = Release|Any CPU
		{5BE69473-702C-4883-A7DD-55F3EE5E1F83}.Debug|Any CPU.ActiveCfg = Debug|Any CPU
		{5BE69473-702C-4883-A7DD-55F3EE5E1F83}.Debug|Any CPU.Build.0 = Debug|Any CPU
		{5BE69473-702C-4883-A7DD-55F3EE5E1F83}.Release|Any CPU.ActiveCfg = Release|Any CPU
		{5BE69473-702C-4883-A7DD-55F3EE5E1F83}.Release|Any CPU.Build.0 = Release|Any CPU
		{6A2ED099-AED3-4227-A1DB-F03401A431BA}.Debug|Any CPU.ActiveCfg = Debug|Any CPU
		{6A2ED099-AED3-4227-A1DB-F03401A431BA}.Debug|Any CPU.Build.0 = Debug|Any CPU
		{6A2ED099-AED3-4227-A1DB-F03401A431BA}.Release|Any CPU.ActiveCfg = Release|Any CPU
		{6A2ED099-AED3-4227-A1DB-F03401A431BA}.Release|Any CPU.Build.0 = Release|Any CPU
		{EB532B17-13D6-4920-84CF-4C731B797EDE}.Debug|Any CPU.ActiveCfg = Debug|Any CPU
		{EB532B17-13D6-4920-84CF-4C731B797EDE}.Debug|Any CPU.Build.0 = Debug|Any CPU
		{EB532B17-13D6-4920-84CF-4C731B797EDE}.Release|Any CPU.ActiveCfg = Release|Any CPU
		{EB532B17-13D6-4920-84CF-4C731B797EDE}.Release|Any CPU.Build.0 = Release|Any CPU
		{5D94757E-0D27-482E-97C7-B0BBCC90897B}.Debug|Any CPU.ActiveCfg = Debug|Any CPU
		{5D94757E-0D27-482E-97C7-B0BBCC90897B}.Debug|Any CPU.Build.0 = Debug|Any CPU
		{5D94757E-0D27-482E-97C7-B0BBCC90897B}.Release|Any CPU.ActiveCfg = Release|Any CPU
		{5D94757E-0D27-482E-97C7-B0BBCC90897B}.Release|Any CPU.Build.0 = Release|Any CPU
	EndGlobalSection
	GlobalSection(NestedProjects) = preSolution
		{2FA6E1F2-FEE9-4EEC-9BD9-0FD94BFC64CF} = {FECE393E-D7AE-4075-97ED-1D722B80348C}
		{9EF2D627-064C-4C95-B83E-379E1B784564} = {2EE9147F-F8F5-4BBF-A208-93936765E11A}
		{5D00788E-34D7-4076-8C51-3510FCD11BE4} = {9EF2D627-064C-4C95-B83E-379E1B784564}
		{5BE69473-702C-4883-A7DD-55F3EE5E1F83} = {9EF2D627-064C-4C95-B83E-379E1B784564}
		{6A2ED099-AED3-4227-A1DB-F03401A431BA} = {9EF2D627-064C-4C95-B83E-379E1B784564}
		{EB532B17-13D6-4920-84CF-4C731B797EDE} = {9EF2D627-064C-4C95-B83E-379E1B784564}
		{5D94757E-0D27-482E-97C7-B0BBCC90897B} = {F6124A6F-5415-49F0-9624-CE99F6041388}
	EndGlobalSection
EndGlobal
