
Microsoft Visual Studio Solution File, Format Version 12.00
Project("{FAE04EC0-301F-11D3-BF4B-00C04F79EFBC}") = "Sokol.Graphics", "Sokol.Graphics\Sokol.Graphics.csproj", "{0A291431-FA50-483F-A9A9-896E9DBA4394}"
EndProject
Project("{FAE04EC0-301F-11D3-BF4B-00C04F79EFBC}") = "Sokol.Graphics.Tests", "Sokol.Graphics.Tests\Sokol.Graphics.Tests.csproj", "{E5CDB5C6-1B98-449C-BADC-CC529B17B286}"
EndProject
Project("{2150E333-8FDC-42A3-9474-1A3956D46DE8}") = "Samples", "Samples", "{DF872AF1-F024-4734-951F-248FA834668A}"
EndProject
Project("{FAE04EC0-301F-11D3-BF4B-00C04F79EFBC}") = "Sokol.Graphics.Samples.Clear", "Samples\Sokol.Graphics.Samples.Clear\Sokol.Graphics.Samples.Clear.csproj", "{72A5D206-5F0C-46DA-927E-9277BA817D1E}"
EndProject
Project("{FAE04EC0-301F-11D3-BF4B-00C04F79EFBC}") = "Sokol.Graphics.Samples.Triangle", "Samples\Sokol.Graphics.Samples.Triangle\Sokol.Graphics.Samples.Triangle.csproj", "{1AF26DCF-FE59-4240-B368-9E958DBCA0E5}"
EndProject
Project("{FAE04EC0-301F-11D3-BF4B-00C04F79EFBC}") = "Sokol.Graphics.Samples.Quad", "Samples\Sokol.Graphics.Samples.Quad\Sokol.Graphics.Samples.Quad.csproj", "{24C2F69D-5493-44B9-AAB8-3487577D0DC5}"
EndProject
Project("{FAE04EC0-301F-11D3-BF4B-00C04F79EFBC}") = "Sokol.Samples.BufferOffsets", "Samples\Sokol.Samples.BufferOffsets\Sokol.Samples.BufferOffsets.csproj", "{0B6FB505-3FEA-43F2-BAB7-7ED11FD11378}"
EndProject
Project("{FAE04EC0-301F-11D3-BF4B-00C04F79EFBC}") = "Sokol.Samples.Blend", "Samples\Sokol.Samples.Blend\Sokol.Samples.Blend.csproj", "{37D4BDFC-0441-480B-AFA7-ECBB48E6D70E}"
EndProject
Project("{FAE04EC0-301F-11D3-BF4B-00C04F79EFBC}") = "Sokol.Graphics.OpenGL", "Sokol.Graphics.OpenGL\Sokol.Graphics.OpenGL.csproj", "{6E7DF387-44CD-4B4F-A7A9-ADAD89B21852}"
EndProject
Project("{FAE04EC0-301F-11D3-BF4B-00C04F79EFBC}") = "Sokol.Graphics.Metal", "Sokol.Graphics.Metal\Sokol.Graphics.Metal.csproj", "{E9327C9E-A290-48FD-A360-F3BB11C608D7}"
EndProject
Project("{FAE04EC0-301F-11D3-BF4B-00C04F79EFBC}") = "Sokol.Samples.Cube", "Samples\Sokol.Samples.Cube\Sokol.Samples.Cube.csproj", "{4D68F7FE-8CD7-4146-8CFA-A6CBBD26763A}"
EndProject
Project("{FAE04EC0-301F-11D3-BF4B-00C04F79EFBC}") = "Sokol.Samples.NonInterleaved", "Samples\Sokol.Samples.NonInterleaved\Sokol.Samples.NonInterleaved.csproj", "{4B0149AC-29BF-42EC-852F-9351AD4CDF7B}"
EndProject
Project("{FAE04EC0-301F-11D3-BF4B-00C04F79EFBC}") = "Sokol.Samples.TexCube", "Samples\Sokol.Samples.TexCube\Sokol.Samples.TexCube.csproj", "{1D0079B5-A8C9-44BD-AF01-2F070E90DD89}"
EndProject
Project("{FAE04EC0-301F-11D3-BF4B-00C04F79EFBC}") = "Sokol.Samples.Offscreen", "Samples\Sokol.Samples.Offscreen\Sokol.Samples.Offscreen.csproj", "{566E8BC0-6047-40D1-AA22-85C96622D404}"
EndProject
Project("{FAE04EC0-301F-11D3-BF4B-00C04F79EFBC}") = "Sokol.Samples.Instancing", "Samples\Sokol.Samples.Instancing\Sokol.Samples.Instancing.csproj", "{A3287B22-E9D6-46E8-B1CE-59125EEE6E5D}"
EndProject
Project("{FAE04EC0-301F-11D3-BF4B-00C04F79EFBC}") = "Sokol.Samples.MultipleRenderTargets", "Samples\Sokol.Samples.MultipleRenderTargets\Sokol.Samples.MultipleRenderTargets.csproj", "{C8A64B7F-606C-4739-918F-2ED95BC31F67}"
EndProject
Project("{FAE04EC0-301F-11D3-BF4B-00C04F79EFBC}") = "Sokol.SDL2.Native", "Sokol.SDL2.Native\Sokol.SDL2.Native.csproj", "{451C9C4E-3455-47D5-830B-D1F06051201C}"
EndProject
Project("{FAE04EC0-301F-11D3-BF4B-00C04F79EFBC}") = "Sokol.App", "Sokol.App\Sokol.App.csproj", "{9023C19C-3818-4988-BDD4-14E757DF40EC}"
EndProject
Project("{FAE04EC0-301F-11D3-BF4B-00C04F79EFBC}") = "Sokol.SDL2", "Sokol.SDL2\Sokol.SDL2.csproj", "{2C89139A-1C6B-4D75-B5C9-70645E617FB3}"
EndProject
Project("{2150E333-8FDC-42A3-9474-1A3956D46DE8}") = "SDL2", "SDL2", "{B3189854-F935-40F9-84F7-F074AB32E0FC}"
EndProject
Project("{FAE04EC0-301F-11D3-BF4B-00C04F79EFBC}") = "Sokol.Graphics.Metal.Native", "Sokol.Graphics.Metal.Native\Sokol.Graphics.Metal.Native.csproj", "{EC00EDDB-A7A2-4D17-989E-FF4ACB8F24DF}"
EndProject
Project("{FAE04EC0-301F-11D3-BF4B-00C04F79EFBC}") = "Sokol.Graphics.OpenGL.Native", "Sokol.Graphics.OpenGL.Native\Sokol.Graphics.OpenGL.Native.csproj", "{BD7C4352-BCAA-460E-9BBA-3E1A959A9C4B}"
EndProject
Global
	GlobalSection(SolutionConfigurationPlatforms) = preSolution
		Debug|Any CPU = Debug|Any CPU
		Release|Any CPU = Release|Any CPU
	EndGlobalSection
	GlobalSection(ProjectConfigurationPlatforms) = postSolution
		{0A291431-FA50-483F-A9A9-896E9DBA4394}.Debug|Any CPU.ActiveCfg = Debug|Any CPU
		{0A291431-FA50-483F-A9A9-896E9DBA4394}.Debug|Any CPU.Build.0 = Debug|Any CPU
		{0A291431-FA50-483F-A9A9-896E9DBA4394}.Release|Any CPU.ActiveCfg = Release|Any CPU
		{0A291431-FA50-483F-A9A9-896E9DBA4394}.Release|Any CPU.Build.0 = Release|Any CPU
		{E5CDB5C6-1B98-449C-BADC-CC529B17B286}.Debug|Any CPU.ActiveCfg = Debug|Any CPU
		{E5CDB5C6-1B98-449C-BADC-CC529B17B286}.Debug|Any CPU.Build.0 = Debug|Any CPU
		{E5CDB5C6-1B98-449C-BADC-CC529B17B286}.Release|Any CPU.ActiveCfg = Release|Any CPU
		{E5CDB5C6-1B98-449C-BADC-CC529B17B286}.Release|Any CPU.Build.0 = Release|Any CPU
		{72A5D206-5F0C-46DA-927E-9277BA817D1E}.Debug|Any CPU.ActiveCfg = Debug|Any CPU
		{72A5D206-5F0C-46DA-927E-9277BA817D1E}.Debug|Any CPU.Build.0 = Debug|Any CPU
		{72A5D206-5F0C-46DA-927E-9277BA817D1E}.Release|Any CPU.ActiveCfg = Release|Any CPU
		{72A5D206-5F0C-46DA-927E-9277BA817D1E}.Release|Any CPU.Build.0 = Release|Any CPU
		{1AF26DCF-FE59-4240-B368-9E958DBCA0E5}.Debug|Any CPU.ActiveCfg = Debug|Any CPU
		{1AF26DCF-FE59-4240-B368-9E958DBCA0E5}.Debug|Any CPU.Build.0 = Debug|Any CPU
		{1AF26DCF-FE59-4240-B368-9E958DBCA0E5}.Release|Any CPU.ActiveCfg = Release|Any CPU
		{1AF26DCF-FE59-4240-B368-9E958DBCA0E5}.Release|Any CPU.Build.0 = Release|Any CPU
		{24C2F69D-5493-44B9-AAB8-3487577D0DC5}.Debug|Any CPU.ActiveCfg = Debug|Any CPU
		{24C2F69D-5493-44B9-AAB8-3487577D0DC5}.Debug|Any CPU.Build.0 = Debug|Any CPU
		{24C2F69D-5493-44B9-AAB8-3487577D0DC5}.Release|Any CPU.ActiveCfg = Release|Any CPU
		{24C2F69D-5493-44B9-AAB8-3487577D0DC5}.Release|Any CPU.Build.0 = Release|Any CPU
		{0B6FB505-3FEA-43F2-BAB7-7ED11FD11378}.Debug|Any CPU.ActiveCfg = Debug|Any CPU
		{0B6FB505-3FEA-43F2-BAB7-7ED11FD11378}.Debug|Any CPU.Build.0 = Debug|Any CPU
		{0B6FB505-3FEA-43F2-BAB7-7ED11FD11378}.Release|Any CPU.ActiveCfg = Release|Any CPU
		{0B6FB505-3FEA-43F2-BAB7-7ED11FD11378}.Release|Any CPU.Build.0 = Release|Any CPU
		{37D4BDFC-0441-480B-AFA7-ECBB48E6D70E}.Debug|Any CPU.ActiveCfg = Debug|Any CPU
		{37D4BDFC-0441-480B-AFA7-ECBB48E6D70E}.Debug|Any CPU.Build.0 = Debug|Any CPU
		{37D4BDFC-0441-480B-AFA7-ECBB48E6D70E}.Release|Any CPU.ActiveCfg = Release|Any CPU
		{37D4BDFC-0441-480B-AFA7-ECBB48E6D70E}.Release|Any CPU.Build.0 = Release|Any CPU
		{6E7DF387-44CD-4B4F-A7A9-ADAD89B21852}.Debug|Any CPU.ActiveCfg = Debug|Any CPU
		{6E7DF387-44CD-4B4F-A7A9-ADAD89B21852}.Debug|Any CPU.Build.0 = Debug|Any CPU
		{6E7DF387-44CD-4B4F-A7A9-ADAD89B21852}.Release|Any CPU.ActiveCfg = Release|Any CPU
		{6E7DF387-44CD-4B4F-A7A9-ADAD89B21852}.Release|Any CPU.Build.0 = Release|Any CPU
		{E9327C9E-A290-48FD-A360-F3BB11C608D7}.Debug|Any CPU.ActiveCfg = Debug|Any CPU
		{E9327C9E-A290-48FD-A360-F3BB11C608D7}.Debug|Any CPU.Build.0 = Debug|Any CPU
		{E9327C9E-A290-48FD-A360-F3BB11C608D7}.Release|Any CPU.ActiveCfg = Release|Any CPU
		{E9327C9E-A290-48FD-A360-F3BB11C608D7}.Release|Any CPU.Build.0 = Release|Any CPU
		{4D68F7FE-8CD7-4146-8CFA-A6CBBD26763A}.Debug|Any CPU.ActiveCfg = Debug|Any CPU
		{4D68F7FE-8CD7-4146-8CFA-A6CBBD26763A}.Debug|Any CPU.Build.0 = Debug|Any CPU
		{4D68F7FE-8CD7-4146-8CFA-A6CBBD26763A}.Release|Any CPU.ActiveCfg = Release|Any CPU
		{4D68F7FE-8CD7-4146-8CFA-A6CBBD26763A}.Release|Any CPU.Build.0 = Release|Any CPU
		{4B0149AC-29BF-42EC-852F-9351AD4CDF7B}.Debug|Any CPU.ActiveCfg = Debug|Any CPU
		{4B0149AC-29BF-42EC-852F-9351AD4CDF7B}.Debug|Any CPU.Build.0 = Debug|Any CPU
		{4B0149AC-29BF-42EC-852F-9351AD4CDF7B}.Release|Any CPU.ActiveCfg = Release|Any CPU
		{4B0149AC-29BF-42EC-852F-9351AD4CDF7B}.Release|Any CPU.Build.0 = Release|Any CPU
		{1D0079B5-A8C9-44BD-AF01-2F070E90DD89}.Debug|Any CPU.ActiveCfg = Debug|Any CPU
		{1D0079B5-A8C9-44BD-AF01-2F070E90DD89}.Debug|Any CPU.Build.0 = Debug|Any CPU
		{1D0079B5-A8C9-44BD-AF01-2F070E90DD89}.Release|Any CPU.ActiveCfg = Release|Any CPU
		{1D0079B5-A8C9-44BD-AF01-2F070E90DD89}.Release|Any CPU.Build.0 = Release|Any CPU
		{566E8BC0-6047-40D1-AA22-85C96622D404}.Debug|Any CPU.ActiveCfg = Debug|Any CPU
		{566E8BC0-6047-40D1-AA22-85C96622D404}.Debug|Any CPU.Build.0 = Debug|Any CPU
		{566E8BC0-6047-40D1-AA22-85C96622D404}.Release|Any CPU.ActiveCfg = Release|Any CPU
		{566E8BC0-6047-40D1-AA22-85C96622D404}.Release|Any CPU.Build.0 = Release|Any CPU
		{A3287B22-E9D6-46E8-B1CE-59125EEE6E5D}.Debug|Any CPU.ActiveCfg = Debug|Any CPU
		{A3287B22-E9D6-46E8-B1CE-59125EEE6E5D}.Debug|Any CPU.Build.0 = Debug|Any CPU
		{A3287B22-E9D6-46E8-B1CE-59125EEE6E5D}.Release|Any CPU.ActiveCfg = Release|Any CPU
		{A3287B22-E9D6-46E8-B1CE-59125EEE6E5D}.Release|Any CPU.Build.0 = Release|Any CPU
		{C8A64B7F-606C-4739-918F-2ED95BC31F67}.Debug|Any CPU.ActiveCfg = Debug|Any CPU
		{C8A64B7F-606C-4739-918F-2ED95BC31F67}.Debug|Any CPU.Build.0 = Debug|Any CPU
		{C8A64B7F-606C-4739-918F-2ED95BC31F67}.Release|Any CPU.ActiveCfg = Release|Any CPU
		{C8A64B7F-606C-4739-918F-2ED95BC31F67}.Release|Any CPU.Build.0 = Release|Any CPU
		{451C9C4E-3455-47D5-830B-D1F06051201C}.Debug|Any CPU.ActiveCfg = Debug|Any CPU
		{451C9C4E-3455-47D5-830B-D1F06051201C}.Debug|Any CPU.Build.0 = Debug|Any CPU
		{451C9C4E-3455-47D5-830B-D1F06051201C}.Release|Any CPU.ActiveCfg = Release|Any CPU
		{451C9C4E-3455-47D5-830B-D1F06051201C}.Release|Any CPU.Build.0 = Release|Any CPU
		{9023C19C-3818-4988-BDD4-14E757DF40EC}.Debug|Any CPU.ActiveCfg = Debug|Any CPU
		{9023C19C-3818-4988-BDD4-14E757DF40EC}.Debug|Any CPU.Build.0 = Debug|Any CPU
		{9023C19C-3818-4988-BDD4-14E757DF40EC}.Release|Any CPU.ActiveCfg = Release|Any CPU
		{9023C19C-3818-4988-BDD4-14E757DF40EC}.Release|Any CPU.Build.0 = Release|Any CPU
		{2C89139A-1C6B-4D75-B5C9-70645E617FB3}.Debug|Any CPU.ActiveCfg = Debug|Any CPU
		{2C89139A-1C6B-4D75-B5C9-70645E617FB3}.Debug|Any CPU.Build.0 = Debug|Any CPU
		{2C89139A-1C6B-4D75-B5C9-70645E617FB3}.Release|Any CPU.ActiveCfg = Release|Any CPU
		{2C89139A-1C6B-4D75-B5C9-70645E617FB3}.Release|Any CPU.Build.0 = Release|Any CPU
		{EC00EDDB-A7A2-4D17-989E-FF4ACB8F24DF}.Debug|Any CPU.ActiveCfg = Debug|Any CPU
		{EC00EDDB-A7A2-4D17-989E-FF4ACB8F24DF}.Debug|Any CPU.Build.0 = Debug|Any CPU
		{EC00EDDB-A7A2-4D17-989E-FF4ACB8F24DF}.Release|Any CPU.ActiveCfg = Release|Any CPU
		{EC00EDDB-A7A2-4D17-989E-FF4ACB8F24DF}.Release|Any CPU.Build.0 = Release|Any CPU
		{BD7C4352-BCAA-460E-9BBA-3E1A959A9C4B}.Debug|Any CPU.ActiveCfg = Debug|Any CPU
		{BD7C4352-BCAA-460E-9BBA-3E1A959A9C4B}.Debug|Any CPU.Build.0 = Debug|Any CPU
		{BD7C4352-BCAA-460E-9BBA-3E1A959A9C4B}.Release|Any CPU.ActiveCfg = Release|Any CPU
		{BD7C4352-BCAA-460E-9BBA-3E1A959A9C4B}.Release|Any CPU.Build.0 = Release|Any CPU
	EndGlobalSection
	GlobalSection(NestedProjects) = preSolution
		{72A5D206-5F0C-46DA-927E-9277BA817D1E} = {DF872AF1-F024-4734-951F-248FA834668A}
		{1AF26DCF-FE59-4240-B368-9E958DBCA0E5} = {DF872AF1-F024-4734-951F-248FA834668A}
		{24C2F69D-5493-44B9-AAB8-3487577D0DC5} = {DF872AF1-F024-4734-951F-248FA834668A}
		{0B6FB505-3FEA-43F2-BAB7-7ED11FD11378} = {DF872AF1-F024-4734-951F-248FA834668A}
		{37D4BDFC-0441-480B-AFA7-ECBB48E6D70E} = {DF872AF1-F024-4734-951F-248FA834668A}
		{4D68F7FE-8CD7-4146-8CFA-A6CBBD26763A} = {DF872AF1-F024-4734-951F-248FA834668A}
		{4B0149AC-29BF-42EC-852F-9351AD4CDF7B} = {DF872AF1-F024-4734-951F-248FA834668A}
		{1D0079B5-A8C9-44BD-AF01-2F070E90DD89} = {DF872AF1-F024-4734-951F-248FA834668A}
		{566E8BC0-6047-40D1-AA22-85C96622D404} = {DF872AF1-F024-4734-951F-248FA834668A}
		{A3287B22-E9D6-46E8-B1CE-59125EEE6E5D} = {DF872AF1-F024-4734-951F-248FA834668A}
		{C8A64B7F-606C-4739-918F-2ED95BC31F67} = {DF872AF1-F024-4734-951F-248FA834668A}
		{2C89139A-1C6B-4D75-B5C9-70645E617FB3} = {B3189854-F935-40F9-84F7-F074AB32E0FC}
		{451C9C4E-3455-47D5-830B-D1F06051201C} = {B3189854-F935-40F9-84F7-F074AB32E0FC}
	EndGlobalSection
EndGlobal
