
Microsoft Visual Studio Solution File, Format Version 12.00
Project("{FAE04EC0-301F-11D3-BF4B-00C04F79EFBC}") = "Sokol.Graphics", "Sokol.Graphics\Sokol.Graphics.csproj", "{0A291431-FA50-483F-A9A9-896E9DBA4394}"
EndProject
Project("{FAE04EC0-301F-11D3-BF4B-00C04F79EFBC}") = "Sokol.Graphics.Tests", "Sokol.Graphics.Tests\Sokol.Graphics.Tests.csproj", "{E5CDB5C6-1B98-449C-BADC-CC529B17B286}"
EndProject
Project("{FAE04EC0-301F-11D3-BF4B-00C04F79EFBC}") = "Sokol.SDL2", "Sokol.SDL2\Sokol.SDL2.csproj", "{9BCC3646-50D7-4BBF-8FB0-44C5E027A2E1}"
EndProject
Project("{2150E333-8FDC-42A3-9474-1A3956D46DE8}") = "Samples", "Samples", "{DF872AF1-F024-4734-951F-248FA834668A}"
EndProject
Project("{FAE04EC0-301F-11D3-BF4B-00C04F79EFBC}") = "Sokol.Samples.Clear", "Samples\Sokol.Samples.Clear\Sokol.Samples.Clear.csproj", "{72A5D206-5F0C-46DA-927E-9277BA817D1E}"
EndProject
Project("{FAE04EC0-301F-11D3-BF4B-00C04F79EFBC}") = "Sokol.Samples.Triangle", "Samples\Sokol.Samples.Triangle\Sokol.Samples.Triangle.csproj", "{1AF26DCF-FE59-4240-B368-9E958DBCA0E5}"
EndProject
Global
	GlobalSection(SolutionConfigurationPlatforms) = preSolution
		Debug|Any CPU = Debug|Any CPU
		Release|Any CPU = Release|Any CPU
	EndGlobalSection
	GlobalSection(ProjectConfigurationPlatforms) = postSolution
		{0A291431-FA50-483F-A9A9-896E9DBA4394}.Debug|Any CPU.ActiveCfg = Debug|Any CPU
		{0A291431-FA50-483F-A9A9-896E9DBA4394}.Debug|Any CPU.Build.0 = Debug|Any CPU
		{0A291431-FA50-483F-A9A9-896E9DBA4394}.Release|Any CPU.ActiveCfg = Release|Any CPU
		{0A291431-FA50-483F-A9A9-896E9DBA4394}.Release|Any CPU.Build.0 = Release|Any CPU
		{E5CDB5C6-1B98-449C-BADC-CC529B17B286}.Debug|Any CPU.ActiveCfg = Debug|Any CPU
		{E5CDB5C6-1B98-449C-BADC-CC529B17B286}.Debug|Any CPU.Build.0 = Debug|Any CPU
		{E5CDB5C6-1B98-449C-BADC-CC529B17B286}.Release|Any CPU.ActiveCfg = Release|Any CPU
		{E5CDB5C6-1B98-449C-BADC-CC529B17B286}.Release|Any CPU.Build.0 = Release|Any CPU
		{9BCC3646-50D7-4BBF-8FB0-44C5E027A2E1}.Debug|Any CPU.ActiveCfg = Debug|Any CPU
		{9BCC3646-50D7-4BBF-8FB0-44C5E027A2E1}.Debug|Any CPU.Build.0 = Debug|Any CPU
		{9BCC3646-50D7-4BBF-8FB0-44C5E027A2E1}.Release|Any CPU.ActiveCfg = Release|Any CPU
		{9BCC3646-50D7-4BBF-8FB0-44C5E027A2E1}.Release|Any CPU.Build.0 = Release|Any CPU
		{72A5D206-5F0C-46DA-927E-9277BA817D1E}.Debug|Any CPU.ActiveCfg = Debug|Any CPU
		{72A5D206-5F0C-46DA-927E-9277BA817D1E}.Debug|Any CPU.Build.0 = Debug|Any CPU
		{72A5D206-5F0C-46DA-927E-9277BA817D1E}.Release|Any CPU.ActiveCfg = Release|Any CPU
		{72A5D206-5F0C-46DA-927E-9277BA817D1E}.Release|Any CPU.Build.0 = Release|Any CPU
		{1AF26DCF-FE59-4240-B368-9E958DBCA0E5}.Debug|Any CPU.ActiveCfg = Debug|Any CPU
		{1AF26DCF-FE59-4240-B368-9E958DBCA0E5}.Debug|Any CPU.Build.0 = Debug|Any CPU
		{1AF26DCF-FE59-4240-B368-9E958DBCA0E5}.Release|Any CPU.ActiveCfg = Release|Any CPU
		{1AF26DCF-FE59-4240-B368-9E958DBCA0E5}.Release|Any CPU.Build.0 = Release|Any CPU
	EndGlobalSection
	GlobalSection(NestedProjects) = preSolution
		{72A5D206-5F0C-46DA-927E-9277BA817D1E} = {DF872AF1-F024-4734-951F-248FA834668A}
		{1AF26DCF-FE59-4240-B368-9E958DBCA0E5} = {DF872AF1-F024-4734-951F-248FA834668A}
	EndGlobalSection
EndGlobal
