
Microsoft Visual Studio Solution File, Format Version 12.00
Project("{FAE04EC0-301F-11D3-BF4B-00C04F79EFBC}") = "Sokol.Graphics", "Sokol.Graphics\Sokol.Graphics.csproj", "{0A291431-FA50-483F-A9A9-896E9DBA4394}"
EndProject
Project("{FAE04EC0-301F-11D3-BF4B-00C04F79EFBC}") = "Sokol.Graphics.Tests", "Sokol.Graphics.Tests\Sokol.Graphics.Tests.csproj", "{E5CDB5C6-1B98-449C-BADC-CC529B17B286}"
EndProject
Project("{2150E333-8FDC-42A3-9474-1A3956D46DE8}") = "Samples", "Samples", "{DF872AF1-F024-4734-951F-248FA834668A}"
EndProject
Project("{FAE04EC0-301F-11D3-BF4B-00C04F79EFBC}") = "Samples.Clear", "Samples\Samples.Clear\Samples.Clear.csproj", "{72A5D206-5F0C-46DA-927E-9277BA817D1E}"
EndProject
Project("{FAE04EC0-301F-11D3-BF4B-00C04F79EFBC}") = "Samples.Triangle", "Samples\Samples.Triangle\Samples.Triangle.csproj", "{1AF26DCF-FE59-4240-B368-9E958DBCA0E5}"
EndProject
Project("{FAE04EC0-301F-11D3-BF4B-00C04F79EFBC}") = "Samples.Quad", "Samples\Samples.Quad\Samples.Quad.csproj", "{24C2F69D-5493-44B9-AAB8-3487577D0DC5}"
EndProject
Project("{FAE04EC0-301F-11D3-BF4B-00C04F79EFBC}") = "Samples.BufferOffsets", "Samples\Samples.BufferOffsets\Samples.BufferOffsets.csproj", "{0B6FB505-3FEA-43F2-BAB7-7ED11FD11378}"
EndProject
Project("{FAE04EC0-301F-11D3-BF4B-00C04F79EFBC}") = "Samples.Cube", "Samples\Samples.Cube\Samples.Cube.csproj", "{4D68F7FE-8CD7-4146-8CFA-A6CBBD26763A}"
EndProject
Project("{FAE04EC0-301F-11D3-BF4B-00C04F79EFBC}") = "Samples.NonInterleaved", "Samples\Samples.NonInterleaved\Samples.NonInterleaved.csproj", "{4B0149AC-29BF-42EC-852F-9351AD4CDF7B}"
EndProject
Project("{FAE04EC0-301F-11D3-BF4B-00C04F79EFBC}") = "Samples.TexCube", "Samples\Samples.TexCube\Samples.TexCube.csproj", "{1D0079B5-A8C9-44BD-AF01-2F070E90DD89}"
EndProject
Project("{FAE04EC0-301F-11D3-BF4B-00C04F79EFBC}") = "Samples.Offscreen", "Samples\Samples.Offscreen\Samples.Offscreen.csproj", "{566E8BC0-6047-40D1-AA22-85C96622D404}"
EndProject
Project("{FAE04EC0-301F-11D3-BF4B-00C04F79EFBC}") = "Samples.Instancing", "Samples\Samples.Instancing\Samples.Instancing.csproj", "{A3287B22-E9D6-46E8-B1CE-59125EEE6E5D}"
EndProject
Project("{FAE04EC0-301F-11D3-BF4B-00C04F79EFBC}") = "Samples.MultipleRenderTargets", "Samples\Samples.MultipleRenderTargets\Samples.MultipleRenderTargets.csproj", "{C8A64B7F-606C-4739-918F-2ED95BC31F67}"
EndProject
Project("{FAE04EC0-301F-11D3-BF4B-00C04F79EFBC}") = "libsdl2", "libsdl2\libsdl2.csproj", "{451C9C4E-3455-47D5-830B-D1F06051201C}"
EndProject
Project("{FAE04EC0-301F-11D3-BF4B-00C04F79EFBC}") = "Sokol.App", "Sokol.App\Sokol.App.csproj", "{9023C19C-3818-4988-BDD4-14E757DF40EC}"
EndProject
Project("{FAE04EC0-301F-11D3-BF4B-00C04F79EFBC}") = "Sokol.SDL2", "Sokol.SDL2\Sokol.SDL2.csproj", "{2C89139A-1C6B-4D75-B5C9-70645E617FB3}"
EndProject
Project("{2150E333-8FDC-42A3-9474-1A3956D46DE8}") = "SDL2", "SDL2", "{B3189854-F935-40F9-84F7-F074AB32E0FC}"
EndProject
Project("{FAE04EC0-301F-11D3-BF4B-00C04F79EFBC}") = "libsokol_gfx.metal", "libsokol_gfx.metal\libsokol_gfx.metal.csproj", "{EC00EDDB-A7A2-4D17-989E-FF4ACB8F24DF}"
EndProject
Project("{FAE04EC0-301F-11D3-BF4B-00C04F79EFBC}") = "libsokol_gfx.opengl", "libsokol_gfx.opengl\libsokol_gfx.opengl.csproj", "{BD7C4352-BCAA-460E-9BBA-3E1A959A9C4B}"
EndProject
Project("{FAE04EC0-301F-11D3-BF4B-00C04F79EFBC}") = "Samples.ArrayTex", "Samples\Samples.ArrayTex\Samples.ArrayTex.csproj", "{F451F011-24B0-497C-B6D3-2B3555B4C6D1}"
EndProject
Project("{FAE04EC0-301F-11D3-BF4B-00C04F79EFBC}") = "Samples.DynTex", "Samples\Samples.DynTex\Samples.DynTex.csproj", "{49B3F49D-199E-4AE1-A621-B44F96AE7AAE}"
EndProject
Project("{2150E333-8FDC-42A3-9474-1A3956D46DE8}") = "ShaderToy", "ShaderToy", "{CC6CE0C7-1806-40A8-A8F4-B5ADB6E7E039}"
EndProject
Project("{FAE04EC0-301F-11D3-BF4B-00C04F79EFBC}") = "ShaderToy.App", "ShaderToy\ShaderToy.App\ShaderToy.App.csproj", "{0CA62373-529B-48A1-8752-A7C9B7AE3439}"
EndProject
Project("{2150E333-8FDC-42A3-9474-1A3956D46DE8}") = "3rdParty", "3rdParty", "{1A826C37-54C0-4AA7-824D-90589FB1FD03}"
EndProject
Project("{FAE04EC0-301F-11D3-BF4B-00C04F79EFBC}") = "ShaderToy.Default", "ShaderToy\3rdParty\ShaderToy.Default\ShaderToy.Default.csproj", "{3B259B66-48E3-4911-8CB7-B044ADB235ED}"
EndProject
Project("{FAE04EC0-301F-11D3-BF4B-00C04F79EFBC}") = "ShaderToy.ToonWater", "ShaderToy\3rdParty\ShaderToy.ToonWater\ShaderToy.ToonWater.csproj", "{FC38BF86-B391-4412-9BF8-3C9416CFC74B}"
EndProject
Project("{FAE04EC0-301F-11D3-BF4B-00C04F79EFBC}") = "ShaderToy.VortexStreet", "ShaderToy\3rdParty\ShaderToy.VortexStreet\ShaderToy.VortexStreet.csproj", "{2F4323B1-976C-48D4-B6B7-913CBB2CC5B4}"
EndProject
Project("{FAE04EC0-301F-11D3-BF4B-00C04F79EFBC}") = "ShaderToy.WarpingProcedural4", "ShaderToy\3rdParty\ShaderToy.WarpingProcedural4\ShaderToy.WarpingProcedural4.csproj", "{2BCFC623-2731-4E37-8DD4-33D7517E7AC1}"
EndProject
Project("{FAE04EC0-301F-11D3-BF4B-00C04F79EFBC}") = "ShaderToy.Heart3D", "ShaderToy\3rdParty\ShaderToy.Heart3D\ShaderToy.Heart3D.csproj", "{8F0C7B90-1144-4DF6-8494-11A4AB234618}"
EndProject
Project("{FAE04EC0-301F-11D3-BF4B-00C04F79EFBC}") = "ShaderToy.Seascape", "ShaderToy\3rdParty\ShaderToy.Seascape\ShaderToy.Seascape.csproj", "{9EBCAF27-0E86-4E48-A801-ECEA626C90DC}"
EndProject
Project("{FAE04EC0-301F-11D3-BF4B-00C04F79EFBC}") = "ShaderToy.VeryFastProceduralOcean", "ShaderToy\3rdParty\ShaderToy.VeryFastProceduralOcean\ShaderToy.VeryFastProceduralOcean.csproj", "{1E443BF6-84EE-4FB7-B7D4-F3904EBA83B7}"
EndProject
Project("{FAE04EC0-301F-11D3-BF4B-00C04F79EFBC}") = "ShaderToy.ProteanClouds", "ShaderToy\3rdParty\ShaderToy.ProteanClouds\ShaderToy.ProteanClouds.csproj", "{C16A5542-0F32-40E4-80FB-29AB32EEDEBA}"
EndProject
Project("{2150E333-8FDC-42A3-9474-1A3956D46DE8}") = "Native", "Native", "{7D3FD2CA-8C4C-4DA4-8AC1-203E94201112}"
EndProject
Project("{FAE04EC0-301F-11D3-BF4B-00C04F79EFBC}") = "libsokol_gfx.direct3d11", "libsokol_gfx.direct3d11\libsokol_gfx.direct3d11.csproj", "{ED9EE46B-3F28-4946-B916-F8373884203A}"
EndProject
Global
	GlobalSection(SolutionConfigurationPlatforms) = preSolution
		Debug|Any CPU = Debug|Any CPU
		Release|Any CPU = Release|Any CPU
	EndGlobalSection
	GlobalSection(ProjectConfigurationPlatforms) = postSolution
		{0A291431-FA50-483F-A9A9-896E9DBA4394}.Debug|Any CPU.ActiveCfg = Debug|Any CPU
		{0A291431-FA50-483F-A9A9-896E9DBA4394}.Debug|Any CPU.Build.0 = Debug|Any CPU
		{0A291431-FA50-483F-A9A9-896E9DBA4394}.Release|Any CPU.ActiveCfg = Release|Any CPU
		{0A291431-FA50-483F-A9A9-896E9DBA4394}.Release|Any CPU.Build.0 = Release|Any CPU
		{E5CDB5C6-1B98-449C-BADC-CC529B17B286}.Debug|Any CPU.ActiveCfg = Debug|Any CPU
		{E5CDB5C6-1B98-449C-BADC-CC529B17B286}.Debug|Any CPU.Build.0 = Debug|Any CPU
		{E5CDB5C6-1B98-449C-BADC-CC529B17B286}.Release|Any CPU.ActiveCfg = Release|Any CPU
		{E5CDB5C6-1B98-449C-BADC-CC529B17B286}.Release|Any CPU.Build.0 = Release|Any CPU
		{72A5D206-5F0C-46DA-927E-9277BA817D1E}.Debug|Any CPU.ActiveCfg = Debug|Any CPU
		{72A5D206-5F0C-46DA-927E-9277BA817D1E}.Debug|Any CPU.Build.0 = Debug|Any CPU
		{72A5D206-5F0C-46DA-927E-9277BA817D1E}.Release|Any CPU.ActiveCfg = Release|Any CPU
		{72A5D206-5F0C-46DA-927E-9277BA817D1E}.Release|Any CPU.Build.0 = Release|Any CPU
		{1AF26DCF-FE59-4240-B368-9E958DBCA0E5}.Debug|Any CPU.ActiveCfg = Debug|Any CPU
		{1AF26DCF-FE59-4240-B368-9E958DBCA0E5}.Debug|Any CPU.Build.0 = Debug|Any CPU
		{1AF26DCF-FE59-4240-B368-9E958DBCA0E5}.Release|Any CPU.ActiveCfg = Release|Any CPU
		{1AF26DCF-FE59-4240-B368-9E958DBCA0E5}.Release|Any CPU.Build.0 = Release|Any CPU
		{24C2F69D-5493-44B9-AAB8-3487577D0DC5}.Debug|Any CPU.ActiveCfg = Debug|Any CPU
		{24C2F69D-5493-44B9-AAB8-3487577D0DC5}.Debug|Any CPU.Build.0 = Debug|Any CPU
		{24C2F69D-5493-44B9-AAB8-3487577D0DC5}.Release|Any CPU.ActiveCfg = Release|Any CPU
		{24C2F69D-5493-44B9-AAB8-3487577D0DC5}.Release|Any CPU.Build.0 = Release|Any CPU
		{0B6FB505-3FEA-43F2-BAB7-7ED11FD11378}.Debug|Any CPU.ActiveCfg = Debug|Any CPU
		{0B6FB505-3FEA-43F2-BAB7-7ED11FD11378}.Debug|Any CPU.Build.0 = Debug|Any CPU
		{0B6FB505-3FEA-43F2-BAB7-7ED11FD11378}.Release|Any CPU.ActiveCfg = Release|Any CPU
		{0B6FB505-3FEA-43F2-BAB7-7ED11FD11378}.Release|Any CPU.Build.0 = Release|Any CPU
		{4D68F7FE-8CD7-4146-8CFA-A6CBBD26763A}.Debug|Any CPU.ActiveCfg = Debug|Any CPU
		{4D68F7FE-8CD7-4146-8CFA-A6CBBD26763A}.Debug|Any CPU.Build.0 = Debug|Any CPU
		{4D68F7FE-8CD7-4146-8CFA-A6CBBD26763A}.Release|Any CPU.ActiveCfg = Release|Any CPU
		{4D68F7FE-8CD7-4146-8CFA-A6CBBD26763A}.Release|Any CPU.Build.0 = Release|Any CPU
		{4B0149AC-29BF-42EC-852F-9351AD4CDF7B}.Debug|Any CPU.ActiveCfg = Debug|Any CPU
		{4B0149AC-29BF-42EC-852F-9351AD4CDF7B}.Debug|Any CPU.Build.0 = Debug|Any CPU
		{4B0149AC-29BF-42EC-852F-9351AD4CDF7B}.Release|Any CPU.ActiveCfg = Release|Any CPU
		{4B0149AC-29BF-42EC-852F-9351AD4CDF7B}.Release|Any CPU.Build.0 = Release|Any CPU
		{1D0079B5-A8C9-44BD-AF01-2F070E90DD89}.Debug|Any CPU.ActiveCfg = Debug|Any CPU
		{1D0079B5-A8C9-44BD-AF01-2F070E90DD89}.Debug|Any CPU.Build.0 = Debug|Any CPU
		{1D0079B5-A8C9-44BD-AF01-2F070E90DD89}.Release|Any CPU.ActiveCfg = Release|Any CPU
		{1D0079B5-A8C9-44BD-AF01-2F070E90DD89}.Release|Any CPU.Build.0 = Release|Any CPU
		{566E8BC0-6047-40D1-AA22-85C96622D404}.Debug|Any CPU.ActiveCfg = Debug|Any CPU
		{566E8BC0-6047-40D1-AA22-85C96622D404}.Debug|Any CPU.Build.0 = Debug|Any CPU
		{566E8BC0-6047-40D1-AA22-85C96622D404}.Release|Any CPU.ActiveCfg = Release|Any CPU
		{566E8BC0-6047-40D1-AA22-85C96622D404}.Release|Any CPU.Build.0 = Release|Any CPU
		{A3287B22-E9D6-46E8-B1CE-59125EEE6E5D}.Debug|Any CPU.ActiveCfg = Debug|Any CPU
		{A3287B22-E9D6-46E8-B1CE-59125EEE6E5D}.Debug|Any CPU.Build.0 = Debug|Any CPU
		{A3287B22-E9D6-46E8-B1CE-59125EEE6E5D}.Release|Any CPU.ActiveCfg = Release|Any CPU
		{A3287B22-E9D6-46E8-B1CE-59125EEE6E5D}.Release|Any CPU.Build.0 = Release|Any CPU
		{C8A64B7F-606C-4739-918F-2ED95BC31F67}.Debug|Any CPU.ActiveCfg = Debug|Any CPU
		{C8A64B7F-606C-4739-918F-2ED95BC31F67}.Debug|Any CPU.Build.0 = Debug|Any CPU
		{C8A64B7F-606C-4739-918F-2ED95BC31F67}.Release|Any CPU.ActiveCfg = Release|Any CPU
		{C8A64B7F-606C-4739-918F-2ED95BC31F67}.Release|Any CPU.Build.0 = Release|Any CPU
		{451C9C4E-3455-47D5-830B-D1F06051201C}.Debug|Any CPU.ActiveCfg = Debug|Any CPU
		{451C9C4E-3455-47D5-830B-D1F06051201C}.Debug|Any CPU.Build.0 = Debug|Any CPU
		{451C9C4E-3455-47D5-830B-D1F06051201C}.Release|Any CPU.ActiveCfg = Release|Any CPU
		{451C9C4E-3455-47D5-830B-D1F06051201C}.Release|Any CPU.Build.0 = Release|Any CPU
		{9023C19C-3818-4988-BDD4-14E757DF40EC}.Debug|Any CPU.ActiveCfg = Debug|Any CPU
		{9023C19C-3818-4988-BDD4-14E757DF40EC}.Debug|Any CPU.Build.0 = Debug|Any CPU
		{9023C19C-3818-4988-BDD4-14E757DF40EC}.Release|Any CPU.ActiveCfg = Release|Any CPU
		{9023C19C-3818-4988-BDD4-14E757DF40EC}.Release|Any CPU.Build.0 = Release|Any CPU
		{2C89139A-1C6B-4D75-B5C9-70645E617FB3}.Debug|Any CPU.ActiveCfg = Debug|Any CPU
		{2C89139A-1C6B-4D75-B5C9-70645E617FB3}.Debug|Any CPU.Build.0 = Debug|Any CPU
		{2C89139A-1C6B-4D75-B5C9-70645E617FB3}.Release|Any CPU.ActiveCfg = Release|Any CPU
		{2C89139A-1C6B-4D75-B5C9-70645E617FB3}.Release|Any CPU.Build.0 = Release|Any CPU
		{EC00EDDB-A7A2-4D17-989E-FF4ACB8F24DF}.Debug|Any CPU.ActiveCfg = Debug|Any CPU
		{EC00EDDB-A7A2-4D17-989E-FF4ACB8F24DF}.Debug|Any CPU.Build.0 = Debug|Any CPU
		{EC00EDDB-A7A2-4D17-989E-FF4ACB8F24DF}.Release|Any CPU.ActiveCfg = Release|Any CPU
		{EC00EDDB-A7A2-4D17-989E-FF4ACB8F24DF}.Release|Any CPU.Build.0 = Release|Any CPU
		{BD7C4352-BCAA-460E-9BBA-3E1A959A9C4B}.Debug|Any CPU.ActiveCfg = Debug|Any CPU
		{BD7C4352-BCAA-460E-9BBA-3E1A959A9C4B}.Debug|Any CPU.Build.0 = Debug|Any CPU
		{BD7C4352-BCAA-460E-9BBA-3E1A959A9C4B}.Release|Any CPU.ActiveCfg = Release|Any CPU
		{BD7C4352-BCAA-460E-9BBA-3E1A959A9C4B}.Release|Any CPU.Build.0 = Release|Any CPU
		{F451F011-24B0-497C-B6D3-2B3555B4C6D1}.Debug|Any CPU.ActiveCfg = Debug|Any CPU
		{F451F011-24B0-497C-B6D3-2B3555B4C6D1}.Debug|Any CPU.Build.0 = Debug|Any CPU
		{F451F011-24B0-497C-B6D3-2B3555B4C6D1}.Release|Any CPU.ActiveCfg = Release|Any CPU
		{F451F011-24B0-497C-B6D3-2B3555B4C6D1}.Release|Any CPU.Build.0 = Release|Any CPU
		{49B3F49D-199E-4AE1-A621-B44F96AE7AAE}.Debug|Any CPU.ActiveCfg = Debug|Any CPU
		{49B3F49D-199E-4AE1-A621-B44F96AE7AAE}.Debug|Any CPU.Build.0 = Debug|Any CPU
		{49B3F49D-199E-4AE1-A621-B44F96AE7AAE}.Release|Any CPU.ActiveCfg = Release|Any CPU
		{49B3F49D-199E-4AE1-A621-B44F96AE7AAE}.Release|Any CPU.Build.0 = Release|Any CPU
		{0CA62373-529B-48A1-8752-A7C9B7AE3439}.Debug|Any CPU.ActiveCfg = Debug|Any CPU
		{0CA62373-529B-48A1-8752-A7C9B7AE3439}.Debug|Any CPU.Build.0 = Debug|Any CPU
		{0CA62373-529B-48A1-8752-A7C9B7AE3439}.Release|Any CPU.ActiveCfg = Release|Any CPU
		{0CA62373-529B-48A1-8752-A7C9B7AE3439}.Release|Any CPU.Build.0 = Release|Any CPU
		{3B259B66-48E3-4911-8CB7-B044ADB235ED}.Debug|Any CPU.ActiveCfg = Debug|Any CPU
		{3B259B66-48E3-4911-8CB7-B044ADB235ED}.Debug|Any CPU.Build.0 = Debug|Any CPU
		{3B259B66-48E3-4911-8CB7-B044ADB235ED}.Release|Any CPU.ActiveCfg = Release|Any CPU
		{3B259B66-48E3-4911-8CB7-B044ADB235ED}.Release|Any CPU.Build.0 = Release|Any CPU
		{FC38BF86-B391-4412-9BF8-3C9416CFC74B}.Debug|Any CPU.ActiveCfg = Debug|Any CPU
		{FC38BF86-B391-4412-9BF8-3C9416CFC74B}.Debug|Any CPU.Build.0 = Debug|Any CPU
		{FC38BF86-B391-4412-9BF8-3C9416CFC74B}.Release|Any CPU.ActiveCfg = Release|Any CPU
		{FC38BF86-B391-4412-9BF8-3C9416CFC74B}.Release|Any CPU.Build.0 = Release|Any CPU
		{2F4323B1-976C-48D4-B6B7-913CBB2CC5B4}.Debug|Any CPU.ActiveCfg = Debug|Any CPU
		{2F4323B1-976C-48D4-B6B7-913CBB2CC5B4}.Debug|Any CPU.Build.0 = Debug|Any CPU
		{2F4323B1-976C-48D4-B6B7-913CBB2CC5B4}.Release|Any CPU.ActiveCfg = Release|Any CPU
		{2F4323B1-976C-48D4-B6B7-913CBB2CC5B4}.Release|Any CPU.Build.0 = Release|Any CPU
		{2BCFC623-2731-4E37-8DD4-33D7517E7AC1}.Debug|Any CPU.ActiveCfg = Debug|Any CPU
		{2BCFC623-2731-4E37-8DD4-33D7517E7AC1}.Debug|Any CPU.Build.0 = Debug|Any CPU
		{2BCFC623-2731-4E37-8DD4-33D7517E7AC1}.Release|Any CPU.ActiveCfg = Release|Any CPU
		{2BCFC623-2731-4E37-8DD4-33D7517E7AC1}.Release|Any CPU.Build.0 = Release|Any CPU
		{8F0C7B90-1144-4DF6-8494-11A4AB234618}.Debug|Any CPU.ActiveCfg = Debug|Any CPU
		{8F0C7B90-1144-4DF6-8494-11A4AB234618}.Debug|Any CPU.Build.0 = Debug|Any CPU
		{8F0C7B90-1144-4DF6-8494-11A4AB234618}.Release|Any CPU.ActiveCfg = Release|Any CPU
		{8F0C7B90-1144-4DF6-8494-11A4AB234618}.Release|Any CPU.Build.0 = Release|Any CPU
		{9EBCAF27-0E86-4E48-A801-ECEA626C90DC}.Debug|Any CPU.ActiveCfg = Debug|Any CPU
		{9EBCAF27-0E86-4E48-A801-ECEA626C90DC}.Debug|Any CPU.Build.0 = Debug|Any CPU
		{9EBCAF27-0E86-4E48-A801-ECEA626C90DC}.Release|Any CPU.ActiveCfg = Release|Any CPU
		{9EBCAF27-0E86-4E48-A801-ECEA626C90DC}.Release|Any CPU.Build.0 = Release|Any CPU
		{1E443BF6-84EE-4FB7-B7D4-F3904EBA83B7}.Debug|Any CPU.ActiveCfg = Debug|Any CPU
		{1E443BF6-84EE-4FB7-B7D4-F3904EBA83B7}.Debug|Any CPU.Build.0 = Debug|Any CPU
		{1E443BF6-84EE-4FB7-B7D4-F3904EBA83B7}.Release|Any CPU.ActiveCfg = Release|Any CPU
		{1E443BF6-84EE-4FB7-B7D4-F3904EBA83B7}.Release|Any CPU.Build.0 = Release|Any CPU
		{C16A5542-0F32-40E4-80FB-29AB32EEDEBA}.Debug|Any CPU.ActiveCfg = Debug|Any CPU
		{C16A5542-0F32-40E4-80FB-29AB32EEDEBA}.Debug|Any CPU.Build.0 = Debug|Any CPU
		{C16A5542-0F32-40E4-80FB-29AB32EEDEBA}.Release|Any CPU.ActiveCfg = Release|Any CPU
		{C16A5542-0F32-40E4-80FB-29AB32EEDEBA}.Release|Any CPU.Build.0 = Release|Any CPU
		{ED9EE46B-3F28-4946-B916-F8373884203A}.Debug|Any CPU.ActiveCfg = Debug|Any CPU
		{ED9EE46B-3F28-4946-B916-F8373884203A}.Debug|Any CPU.Build.0 = Debug|Any CPU
		{ED9EE46B-3F28-4946-B916-F8373884203A}.Release|Any CPU.ActiveCfg = Release|Any CPU
		{ED9EE46B-3F28-4946-B916-F8373884203A}.Release|Any CPU.Build.0 = Release|Any CPU
	EndGlobalSection
	GlobalSection(NestedProjects) = preSolution
		{72A5D206-5F0C-46DA-927E-9277BA817D1E} = {DF872AF1-F024-4734-951F-248FA834668A}
		{1AF26DCF-FE59-4240-B368-9E958DBCA0E5} = {DF872AF1-F024-4734-951F-248FA834668A}
		{24C2F69D-5493-44B9-AAB8-3487577D0DC5} = {DF872AF1-F024-4734-951F-248FA834668A}
		{0B6FB505-3FEA-43F2-BAB7-7ED11FD11378} = {DF872AF1-F024-4734-951F-248FA834668A}
		{4D68F7FE-8CD7-4146-8CFA-A6CBBD26763A} = {DF872AF1-F024-4734-951F-248FA834668A}
		{4B0149AC-29BF-42EC-852F-9351AD4CDF7B} = {DF872AF1-F024-4734-951F-248FA834668A}
		{1D0079B5-A8C9-44BD-AF01-2F070E90DD89} = {DF872AF1-F024-4734-951F-248FA834668A}
		{566E8BC0-6047-40D1-AA22-85C96622D404} = {DF872AF1-F024-4734-951F-248FA834668A}
		{A3287B22-E9D6-46E8-B1CE-59125EEE6E5D} = {DF872AF1-F024-4734-951F-248FA834668A}
		{C8A64B7F-606C-4739-918F-2ED95BC31F67} = {DF872AF1-F024-4734-951F-248FA834668A}
		{2C89139A-1C6B-4D75-B5C9-70645E617FB3} = {B3189854-F935-40F9-84F7-F074AB32E0FC}
		{451C9C4E-3455-47D5-830B-D1F06051201C} = {B3189854-F935-40F9-84F7-F074AB32E0FC}
		{F451F011-24B0-497C-B6D3-2B3555B4C6D1} = {DF872AF1-F024-4734-951F-248FA834668A}
		{49B3F49D-199E-4AE1-A621-B44F96AE7AAE} = {DF872AF1-F024-4734-951F-248FA834668A}
		{0CA62373-529B-48A1-8752-A7C9B7AE3439} = {CC6CE0C7-1806-40A8-A8F4-B5ADB6E7E039}
		{1A826C37-54C0-4AA7-824D-90589FB1FD03} = {CC6CE0C7-1806-40A8-A8F4-B5ADB6E7E039}
		{3B259B66-48E3-4911-8CB7-B044ADB235ED} = {1A826C37-54C0-4AA7-824D-90589FB1FD03}
		{FC38BF86-B391-4412-9BF8-3C9416CFC74B} = {1A826C37-54C0-4AA7-824D-90589FB1FD03}
		{2F4323B1-976C-48D4-B6B7-913CBB2CC5B4} = {1A826C37-54C0-4AA7-824D-90589FB1FD03}
		{2BCFC623-2731-4E37-8DD4-33D7517E7AC1} = {1A826C37-54C0-4AA7-824D-90589FB1FD03}
		{8F0C7B90-1144-4DF6-8494-11A4AB234618} = {1A826C37-54C0-4AA7-824D-90589FB1FD03}
		{9EBCAF27-0E86-4E48-A801-ECEA626C90DC} = {1A826C37-54C0-4AA7-824D-90589FB1FD03}
		{1E443BF6-84EE-4FB7-B7D4-F3904EBA83B7} = {1A826C37-54C0-4AA7-824D-90589FB1FD03}
		{C16A5542-0F32-40E4-80FB-29AB32EEDEBA} = {1A826C37-54C0-4AA7-824D-90589FB1FD03}
		{EC00EDDB-A7A2-4D17-989E-FF4ACB8F24DF} = {7D3FD2CA-8C4C-4DA4-8AC1-203E94201112}
		{BD7C4352-BCAA-460E-9BBA-3E1A959A9C4B} = {7D3FD2CA-8C4C-4DA4-8AC1-203E94201112}
		{ED9EE46B-3F28-4946-B916-F8373884203A} = {7D3FD2CA-8C4C-4DA4-8AC1-203E94201112}
	EndGlobalSection
EndGlobal
